// !$*UTF8*$!
{
	archiveVersion = 1;
	classes = {
	};
	objectVersion = 52;
	objects = {

/* Begin PBXBuildFile section */
		7578DBF9253F159A0002E9C0 /* TopMoviePreview.swift in Sources */ = {isa = PBXBuildFile; fileRef = 7578DBF8253F15990002E9C0 /* TopMoviePreview.swift */; };
		75DE4A1E253DC976005061DD /* LearnflixApp.swift in Sources */ = {isa = PBXBuildFile; fileRef = 75DE4A1D253DC976005061DD /* LearnflixApp.swift */; };
		75DE4A20253DC976005061DD /* ContentView.swift in Sources */ = {isa = PBXBuildFile; fileRef = 75DE4A1F253DC976005061DD /* ContentView.swift */; };
		75DE4A22253DC97B005061DD /* Assets.xcassets in Resources */ = {isa = PBXBuildFile; fileRef = 75DE4A21253DC97B005061DD /* Assets.xcassets */; };
		75DE4A25253DC97B005061DD /* Preview Assets.xcassets in Resources */ = {isa = PBXBuildFile; fileRef = 75DE4A24253DC97B005061DD /* Preview Assets.xcassets */; };
		75DE4A2E253DC996005061DD /* HomeView.swift in Sources */ = {isa = PBXBuildFile; fileRef = 75DE4A2D253DC996005061DD /* HomeView.swift */; };
		75DE4A32253DCBD3005061DD /* KingfisherSwiftUI in Frameworks */ = {isa = PBXBuildFile; productRef = 75DE4A31253DCBD3005061DD /* KingfisherSwiftUI */; };
		75DE4A35253DCC20005061DD /* Movie.swift in Sources */ = {isa = PBXBuildFile; fileRef = 75DE4A34253DCC20005061DD /* Movie.swift */; };
		75DE4A38253DCCFB005061DD /* StandardHomeMovie.swift in Sources */ = {isa = PBXBuildFile; fileRef = 75DE4A37253DCCFB005061DD /* StandardHomeMovie.swift */; };
		75DE4A3B253DCDA2005061DD /* GlobalHelpers.swift in Sources */ = {isa = PBXBuildFile; fileRef = 75DE4A3A253DCDA2005061DD /* GlobalHelpers.swift */; };
		75DE4A3E253DD1C9005061DD /* HomeVM.swift in Sources */ = {isa = PBXBuildFile; fileRef = 75DE4A3D253DD1C9005061DD /* HomeVM.swift */; };
/* End PBXBuildFile section */

/* Begin PBXFileReference section */
		7578DBF8253F15990002E9C0 /* TopMoviePreview.swift */ = {isa = PBXFileReference; lastKnownFileType = sourcecode.swift; path = TopMoviePreview.swift; sourceTree = "<group>"; };
		75DE4A1A253DC976005061DD /* Learnflix.app */ = {isa = PBXFileReference; explicitFileType = wrapper.application; includeInIndex = 0; path = Learnflix.app; sourceTree = BUILT_PRODUCTS_DIR; };
		75DE4A1D253DC976005061DD /* LearnflixApp.swift */ = {isa = PBXFileReference; lastKnownFileType = sourcecode.swift; path = LearnflixApp.swift; sourceTree = "<group>"; };
		75DE4A1F253DC976005061DD /* ContentView.swift */ = {isa = PBXFileReference; lastKnownFileType = sourcecode.swift; path = ContentView.swift; sourceTree = "<group>"; };
		75DE4A21253DC97B005061DD /* Assets.xcassets */ = {isa = PBXFileReference; lastKnownFileType = folder.assetcatalog; path = Assets.xcassets; sourceTree = "<group>"; };
		75DE4A24253DC97B005061DD /* Preview Assets.xcassets */ = {isa = PBXFileReference; lastKnownFileType = folder.assetcatalog; path = "Preview Assets.xcassets"; sourceTree = "<group>"; };
		75DE4A26253DC97B005061DD /* Info.plist */ = {isa = PBXFileReference; lastKnownFileType = text.plist.xml; path = Info.plist; sourceTree = "<group>"; };
		75DE4A2D253DC996005061DD /* HomeView.swift */ = {isa = PBXFileReference; lastKnownFileType = sourcecode.swift; path = HomeView.swift; sourceTree = "<group>"; };
		75DE4A34253DCC20005061DD /* Movie.swift */ = {isa = PBXFileReference; lastKnownFileType = sourcecode.swift; path = Movie.swift; sourceTree = "<group>"; };
		75DE4A37253DCCFB005061DD /* StandardHomeMovie.swift */ = {isa = PBXFileReference; lastKnownFileType = sourcecode.swift; path = StandardHomeMovie.swift; sourceTree = "<group>"; };
		75DE4A3A253DCDA2005061DD /* GlobalHelpers.swift */ = {isa = PBXFileReference; lastKnownFileType = sourcecode.swift; path = GlobalHelpers.swift; sourceTree = "<group>"; };
		75DE4A3D253DD1C9005061DD /* HomeVM.swift */ = {isa = PBXFileReference; lastKnownFileType = sourcecode.swift; path = HomeVM.swift; sourceTree = "<group>"; };
/* End PBXFileReference section */

/* Begin PBXFrameworksBuildPhase section */
		75DE4A17253DC976005061DD /* Frameworks */ = {
			isa = PBXFrameworksBuildPhase;
			buildActionMask = 2147483647;
			files = (
				75DE4A32253DCBD3005061DD /* KingfisherSwiftUI in Frameworks */,
			);
			runOnlyForDeploymentPostprocessing = 0;
		};
/* End PBXFrameworksBuildPhase section */

/* Begin PBXGroup section */
		75DE4A11253DC976005061DD = {
			isa = PBXGroup;
			children = (
				75DE4A1C253DC976005061DD /* Learnflix */,
				75DE4A1B253DC976005061DD /* Products */,
			);
			sourceTree = "<group>";
		};
		75DE4A1B253DC976005061DD /* Products */ = {
			isa = PBXGroup;
			children = (
				75DE4A1A253DC976005061DD /* Learnflix.app */,
			);
			name = Products;
			sourceTree = "<group>";
		};
		75DE4A1C253DC976005061DD /* Learnflix */ = {
			isa = PBXGroup;
			children = (
				75DE4A1D253DC976005061DD /* LearnflixApp.swift */,
				75DE4A1F253DC976005061DD /* ContentView.swift */,
				75DE4A2D253DC996005061DD /* HomeView.swift */,
				7578DBF8253F15990002E9C0 /* TopMoviePreview.swift */,
				75DE4A3D253DD1C9005061DD /* HomeVM.swift */,
				75DE4A34253DCC20005061DD /* Movie.swift */,
				75DE4A37253DCCFB005061DD /* StandardHomeMovie.swift */,
				75DE4A3A253DCDA2005061DD /* GlobalHelpers.swift */,
				75DE4A21253DC97B005061DD /* Assets.xcassets */,
				75DE4A26253DC97B005061DD /* Info.plist */,
				75DE4A23253DC97B005061DD /* Preview Content */,
			);
			path = Learnflix;
			sourceTree = "<group>";
		};
		75DE4A23253DC97B005061DD /* Preview Content */ = {
			isa = PBXGroup;
			children = (
				75DE4A24253DC97B005061DD /* Preview Assets.xcassets */,
			);
			path = "Preview Content";
			sourceTree = "<group>";
		};
/* End PBXGroup section */

/* Begin PBXNativeTarget section */
		75DE4A19253DC976005061DD /* Learnflix */ = {
			isa = PBXNativeTarget;
			buildConfigurationList = 75DE4A29253DC97B005061DD /* Build configuration list for PBXNativeTarget "Learnflix" */;
			buildPhases = (
				75DE4A16253DC976005061DD /* Sources */,
				75DE4A17253DC976005061DD /* Frameworks */,
				75DE4A18253DC976005061DD /* Resources */,
			);
			buildRules = (
			);
			dependencies = (
			);
			name = Learnflix;
			packageProductDependencies = (
				75DE4A31253DCBD3005061DD /* KingfisherSwiftUI */,
			);
			productName = Learnflix;
			productReference = 75DE4A1A253DC976005061DD /* Learnflix.app */;
			productType = "com.apple.product-type.application";
		};
/* End PBXNativeTarget section */

/* Begin PBXProject section */
		75DE4A12253DC976005061DD /* Project object */ = {
			isa = PBXProject;
			attributes = {
				LastSwiftUpdateCheck = 1200;
				LastUpgradeCheck = 1200;
				TargetAttributes = {
					75DE4A19253DC976005061DD = {
						CreatedOnToolsVersion = 12.0.1;
					};
				};
			};
			buildConfigurationList = 75DE4A15253DC976005061DD /* Build configuration list for PBXProject "Learnflix" */;
			compatibilityVersion = "Xcode 9.3";
			developmentRegion = en;
			hasScannedForEncodings = 0;
			knownRegions = (
				en,
				Base,
			);
			mainGroup = 75DE4A11253DC976005061DD;
			packageReferences = (
				75DE4A30253DCBD3005061DD /* XCRemoteSwiftPackageReference "Kingfisher" */,
			);
			productRefGroup = 75DE4A1B253DC976005061DD /* Products */;
			projectDirPath = "";
			projectRoot = "";
			targets = (
				75DE4A19253DC976005061DD /* Learnflix */,
			);
		};
/* End PBXProject section */

/* Begin PBXResourcesBuildPhase section */
		75DE4A18253DC976005061DD /* Resources */ = {
			isa = PBXResourcesBuildPhase;
			buildActionMask = 2147483647;
			files = (
				75DE4A25253DC97B005061DD /* Preview Assets.xcassets in Resources */,
				75DE4A22253DC97B005061DD /* Assets.xcassets in Resources */,
			);
			runOnlyForDeploymentPostprocessing = 0;
		};
/* End PBXResourcesBuildPhase section */

/* Begin PBXSourcesBuildPhase section */
		75DE4A16253DC976005061DD /* Sources */ = {
			isa = PBXSourcesBuildPhase;
			buildActionMask = 2147483647;
			files = (
				75DE4A3B253DCDA2005061DD /* GlobalHelpers.swift in Sources */,
				75DE4A2E253DC996005061DD /* HomeView.swift in Sources */,
				75DE4A3E253DD1C9005061DD /* HomeVM.swift in Sources */,
				75DE4A20253DC976005061DD /* ContentView.swift in Sources */,
				75DE4A38253DCCFB005061DD /* StandardHomeMovie.swift in Sources */,
				7578DBF9253F159A0002E9C0 /* TopMoviePreview.swift in Sources */,
				75DE4A35253DCC20005061DD /* Movie.swift in Sources */,
				75DE4A1E253DC976005061DD /* LearnflixApp.swift in Sources */,
			);
			runOnlyForDeploymentPostprocessing = 0;
		};
/* End PBXSourcesBuildPhase section */

/* Begin XCBuildConfiguration section */
		75DE4A27253DC97B005061DD /* Debug */ = {
			isa = XCBuildConfiguration;
			buildSettings = {
				ALWAYS_SEARCH_USER_PATHS = NO;
				CLANG_ANALYZER_NONNULL = YES;
				CLANG_ANALYZER_NUMBER_OBJECT_CONVERSION = YES_AGGRESSIVE;
				CLANG_CXX_LANGUAGE_STANDARD = "gnu++14";
				CLANG_CXX_LIBRARY = "libc++";
				CLANG_ENABLE_MODULES = YES;
				CLANG_ENABLE_OBJC_ARC = YES;
				CLANG_ENABLE_OBJC_WEAK = YES;
				CLANG_WARN_BLOCK_CAPTURE_AUTORELEASING = YES;
				CLANG_WARN_BOOL_CONVERSION = YES;
				CLANG_WARN_COMMA = YES;
				CLANG_WARN_CONSTANT_CONVERSION = YES;
				CLANG_WARN_DEPRECATED_OBJC_IMPLEMENTATIONS = YES;
				CLANG_WARN_DIRECT_OBJC_ISA_USAGE = YES_ERROR;
				CLANG_WARN_DOCUMENTATION_COMMENTS = YES;
				CLANG_WARN_EMPTY_BODY = YES;
				CLANG_WARN_ENUM_CONVERSION = YES;
				CLANG_WARN_INFINITE_RECURSION = YES;
				CLANG_WARN_INT_CONVERSION = YES;
				CLANG_WARN_NON_LITERAL_NULL_CONVERSION = YES;
				CLANG_WARN_OBJC_IMPLICIT_RETAIN_SELF = YES;
				CLANG_WARN_OBJC_LITERAL_CONVERSION = YES;
				CLANG_WARN_OBJC_ROOT_CLASS = YES_ERROR;
				CLANG_WARN_QUOTED_INCLUDE_IN_FRAMEWORK_HEADER = YES;
				CLANG_WARN_RANGE_LOOP_ANALYSIS = YES;
				CLANG_WARN_STRICT_PROTOTYPES = YES;
				CLANG_WARN_SUSPICIOUS_MOVE = YES;
				CLANG_WARN_UNGUARDED_AVAILABILITY = YES_AGGRESSIVE;
				CLANG_WARN_UNREACHABLE_CODE = YES;
				CLANG_WARN__DUPLICATE_METHOD_MATCH = YES;
				COPY_PHASE_STRIP = NO;
				DEBUG_INFORMATION_FORMAT = dwarf;
				ENABLE_STRICT_OBJC_MSGSEND = YES;
				ENABLE_TESTABILITY = YES;
				GCC_C_LANGUAGE_STANDARD = gnu11;
				GCC_DYNAMIC_NO_PIC = NO;
				GCC_NO_COMMON_BLOCKS = YES;
				GCC_OPTIMIZATION_LEVEL = 0;
				GCC_PREPROCESSOR_DEFINITIONS = (
					"DEBUG=1",
					"$(inherited)",
				);
				GCC_WARN_64_TO_32_BIT_CONVERSION = YES;
				GCC_WARN_ABOUT_RETURN_TYPE = YES_ERROR;
				GCC_WARN_UNDECLARED_SELECTOR = YES;
				GCC_WARN_UNINITIALIZED_AUTOS = YES_AGGRESSIVE;
				GCC_WARN_UNUSED_FUNCTION = YES;
				GCC_WARN_UNUSED_VARIABLE = YES;
				IPHONEOS_DEPLOYMENT_TARGET = 14.0;
				MTL_ENABLE_DEBUG_INFO = INCLUDE_SOURCE;
				MTL_FAST_MATH = YES;
				ONLY_ACTIVE_ARCH = YES;
				SDKROOT = iphoneos;
				SWIFT_ACTIVE_COMPILATION_CONDITIONS = DEBUG;
				SWIFT_OPTIMIZATION_LEVEL = "-Onone";
			};
			name = Debug;
		};
		75DE4A28253DC97B005061DD /* Release */ = {
			isa = XCBuildConfiguration;
			buildSettings = {
				ALWAYS_SEARCH_USER_PATHS = NO;
				CLANG_ANALYZER_NONNULL = YES;
				CLANG_ANALYZER_NUMBER_OBJECT_CONVERSION = YES_AGGRESSIVE;
				CLANG_CXX_LANGUAGE_STANDARD = "gnu++14";
				CLANG_CXX_LIBRARY = "libc++";
				CLANG_ENABLE_MODULES = YES;
				CLANG_ENABLE_OBJC_ARC = YES;
				CLANG_ENABLE_OBJC_WEAK = YES;
				CLANG_WARN_BLOCK_CAPTURE_AUTORELEASING = YES;
				CLANG_WARN_BOOL_CONVERSION = YES;
				CLANG_WARN_COMMA = YES;
				CLANG_WARN_CONSTANT_CONVERSION = YES;
				CLANG_WARN_DEPRECATED_OBJC_IMPLEMENTATIONS = YES;
				CLANG_WARN_DIRECT_OBJC_ISA_USAGE = YES_ERROR;
				CLANG_WARN_DOCUMENTATION_COMMENTS = YES;
				CLANG_WARN_EMPTY_BODY = YES;
				CLANG_WARN_ENUM_CONVERSION = YES;
				CLANG_WARN_INFINITE_RECURSION = YES;
				CLANG_WARN_INT_CONVERSION = YES;
				CLANG_WARN_NON_LITERAL_NULL_CONVERSION = YES;
				CLANG_WARN_OBJC_IMPLICIT_RETAIN_SELF = YES;
				CLANG_WARN_OBJC_LITERAL_CONVERSION = YES;
				CLANG_WARN_OBJC_ROOT_CLASS = YES_ERROR;
				CLANG_WARN_QUOTED_INCLUDE_IN_FRAMEWORK_HEADER = YES;
				CLANG_WARN_RANGE_LOOP_ANALYSIS = YES;
				CLANG_WARN_STRICT_PROTOTYPES = YES;
				CLANG_WARN_SUSPICIOUS_MOVE = YES;
				CLANG_WARN_UNGUARDED_AVAILABILITY = YES_AGGRESSIVE;
				CLANG_WARN_UNREACHABLE_CODE = YES;
				CLANG_WARN__DUPLICATE_METHOD_MATCH = YES;
				COPY_PHASE_STRIP = NO;
				DEBUG_INFORMATION_FORMAT = "dwarf-with-dsym";
				ENABLE_NS_ASSERTIONS = NO;
				ENABLE_STRICT_OBJC_MSGSEND = YES;
				GCC_C_LANGUAGE_STANDARD = gnu11;
				GCC_NO_COMMON_BLOCKS = YES;
				GCC_WARN_64_TO_32_BIT_CONVERSION = YES;
				GCC_WARN_ABOUT_RETURN_TYPE = YES_ERROR;
				GCC_WARN_UNDECLARED_SELECTOR = YES;
				GCC_WARN_UNINITIALIZED_AUTOS = YES_AGGRESSIVE;
				GCC_WARN_UNUSED_FUNCTION = YES;
				GCC_WARN_UNUSED_VARIABLE = YES;
				IPHONEOS_DEPLOYMENT_TARGET = 14.0;
				MTL_ENABLE_DEBUG_INFO = NO;
				MTL_FAST_MATH = YES;
				SDKROOT = iphoneos;
				SWIFT_COMPILATION_MODE = wholemodule;
				SWIFT_OPTIMIZATION_LEVEL = "-O";
				VALIDATE_PRODUCT = YES;
			};
			name = Release;
		};
		75DE4A2A253DC97B005061DD /* Debug */ = {
			isa = XCBuildConfiguration;
			buildSettings = {
				ASSETCATALOG_COMPILER_APPICON_NAME = AppIcon;
				ASSETCATALOG_COMPILER_GLOBAL_ACCENT_COLOR_NAME = AccentColor;
				CODE_SIGN_STYLE = Automatic;
				DEVELOPMENT_ASSET_PATHS = "\"Learnflix/Preview Content\"";
				DEVELOPMENT_TEAM = 4QU3AHZ6QV;
				ENABLE_PREVIEWS = YES;
				INFOPLIST_FILE = Learnflix/Info.plist;
				IPHONEOS_DEPLOYMENT_TARGET = 14.0;
				LD_RUNPATH_SEARCH_PATHS = (
					"$(inherited)",
					"@executable_path/Frameworks",
				);
				PRODUCT_BUNDLE_IDENTIFIER = "ru.mb-training.Learnflix";
				PRODUCT_NAME = "$(TARGET_NAME)";
				SWIFT_VERSION = 5.0;
				TARGETED_DEVICE_FAMILY = "1,2";
			};
			name = Debug;
		};
		75DE4A2B253DC97B005061DD /* Release */ = {
			isa = XCBuildConfiguration;
			buildSettings = {
				ASSETCATALOG_COMPILER_APPICON_NAME = AppIcon;
				ASSETCATALOG_COMPILER_GLOBAL_ACCENT_COLOR_NAME = AccentColor;
				CODE_SIGN_STYLE = Automatic;
				DEVELOPMENT_ASSET_PATHS = "\"Learnflix/Preview Content\"";
				DEVELOPMENT_TEAM = 4QU3AHZ6QV;
				ENABLE_PREVIEWS = YES;
				INFOPLIST_FILE = Learnflix/Info.plist;
				IPHONEOS_DEPLOYMENT_TARGET = 14.0;
				LD_RUNPATH_SEARCH_PATHS = (
					"$(inherited)",
					"@executable_path/Frameworks",
				);
				PRODUCT_BUNDLE_IDENTIFIER = "ru.mb-training.Learnflix";
				PRODUCT_NAME = "$(TARGET_NAME)";
				SWIFT_VERSION = 5.0;
				TARGETED_DEVICE_FAMILY = "1,2";
			};
			name = Release;
		};
/* End XCBuildConfiguration section */

/* Begin XCConfigurationList section */
		75DE4A15253DC976005061DD /* Build configuration list for PBXProject "Learnflix" */ = {
			isa = XCConfigurationList;
			buildConfigurations = (
				75DE4A27253DC97B005061DD /* Debug */,
				75DE4A28253DC97B005061DD /* Release */,
			);
			defaultConfigurationIsVisible = 0;
			defaultConfigurationName = Release;
		};
		75DE4A29253DC97B005061DD /* Build configuration list for PBXNativeTarget "Learnflix" */ = {
			isa = XCConfigurationList;
			buildConfigurations = (
				75DE4A2A253DC97B005061DD /* Debug */,
				75DE4A2B253DC97B005061DD /* Release */,
			);
			defaultConfigurationIsVisible = 0;
			defaultConfigurationName = Release;
		};
/* End XCConfigurationList section */

/* Begin XCRemoteSwiftPackageReference section */
		75DE4A30253DCBD3005061DD /* XCRemoteSwiftPackageReference "Kingfisher" */ = {
			isa = XCRemoteSwiftPackageReference;
			repositoryURL = "https://github.com/onevcat/Kingfisher";
			requirement = {
				kind = upToNextMajorVersion;
				minimumVersion = 5.15.6;
			};
		};
/* End XCRemoteSwiftPackageReference section */

/* Begin XCSwiftPackageProductDependency section */
		75DE4A31253DCBD3005061DD /* KingfisherSwiftUI */ = {
			isa = XCSwiftPackageProductDependency;
			package = 75DE4A30253DCBD3005061DD /* XCRemoteSwiftPackageReference "Kingfisher" */;
			productName = KingfisherSwiftUI;
		};
/* End XCSwiftPackageProductDependency section */
	};
	rootObject = 75DE4A12253DC976005061DD /* Project object */;
}
